
Microsoft Visual Studio Solution File, Format Version 12.00
# Visual Studio Version 17
VisualStudioVersion = 17.11.35222.181
MinimumVisualStudioVersion = 10.0.40219.1
Project("{FAE04EC0-301F-11D3-BF4B-00C04F79EFBC}") = "Image Processing Activity", "Image Processing Activity\Image Processing Activity.csproj", "{0848798F-82D2-4DCD-872C-2284BC0E5024}"
EndProject
Global
	GlobalSection(SolutionConfigurationPlatforms) = preSolution
		Debug|Any CPU = Debug|Any CPU
		Release|Any CPU = Release|Any CPU
	EndGlobalSection
	GlobalSection(ProjectConfigurationPlatforms) = postSolution
		{0848798F-82D2-4DCD-872C-2284BC0E5024}.Debug|Any CPU.ActiveCfg = Debug|Any CPU
		{0848798F-82D2-4DCD-872C-2284BC0E5024}.Debug|Any CPU.Build.0 = Debug|Any CPU
		{0848798F-82D2-4DCD-872C-2284BC0E5024}.Release|Any CPU.ActiveCfg = Release|Any CPU
		{0848798F-82D2-4DCD-872C-2284BC0E5024}.Release|Any CPU.Build.0 = Release|Any CPU
	EndGlobalSection
	GlobalSection(SolutionProperties) = preSolution
		HideSolutionNode = FALSE
	EndGlobalSection
	GlobalSection(ExtensibilityGlobals) = postSolution
		SolutionGuid = {5ACB3D08-491A-4DB1-B552-3A4F42A9067E}
	EndGlobalSection
EndGlobal
